
Microsoft Visual Studio Solution File, Format Version 12.00
# Visual Studio Version 16
VisualStudioVersion = 16.0.30621.155
MinimumVisualStudioVersion = 10.0.40219.1
Project("{FAE04EC0-301F-11D3-BF4B-00C04F79EFBC}") = "QinFlow.WebAPI", "QinFlow.WebAPI\QinFlow.WebAPI.csproj", "{2757A7CE-8611-41FA-A4D0-8D2729D744E4}"
EndProject
Global
	GlobalSection(SolutionConfigurationPlatforms) = preSolution
		Debug|Any CPU = Debug|Any CPU
		Release|Any CPU = Release|Any CPU
	EndGlobalSection
	GlobalSection(ProjectConfigurationPlatforms) = postSolution
		{2757A7CE-8611-41FA-A4D0-8D2729D744E4}.Debug|Any CPU.ActiveCfg = Debug|Any CPU
		{2757A7CE-8611-41FA-A4D0-8D2729D744E4}.Debug|Any CPU.Build.0 = Debug|Any CPU
		{2757A7CE-8611-41FA-A4D0-8D2729D744E4}.Release|Any CPU.ActiveCfg = Release|Any CPU
		{2757A7CE-8611-41FA-A4D0-8D2729D744E4}.Release|Any CPU.Build.0 = Release|Any CPU
	EndGlobalSection
	GlobalSection(SolutionProperties) = preSolution
		HideSolutionNode = FALSE
	EndGlobalSection
	GlobalSection(ExtensibilityGlobals) = postSolution
		SolutionGuid = {7E9AAE39-C616-473B-BEEC-C762298A3A02}
	EndGlobalSection
EndGlobal
